{
  "name": "frontend",
  "lockfileVersion": 2,
  "requires": true,
  "packages": {
    "": {
      "dependencies": {
        "bitset": "^5.1.1"
      },
      "devDependencies": {
        "typescript": "^4.9.4"
      }
    },
    "node_modules/bitset": {
      "version": "5.1.1",
      "resolved": "https://registry.npmjs.org/bitset/-/bitset-5.1.1.tgz",
      "integrity": "sha512-oKaRp6mzXedJ1Npo86PKhWfDelI6HxxJo+it9nAcBB0HLVvYVp+5i6yj6DT5hfFgo+TS5T57MRWtw8zhwdTs3g==",
      "engines": {
        "node": "*"
      }
    },
    "node_modules/typescript": {
      "version": "4.9.4",
      "resolved": "https://registry.npmjs.org/typescript/-/typescript-4.9.4.tgz",
      "integrity": "sha512-Uz+dTXYzxXXbsFpM86Wh3dKCxrQqUcVMxwU54orwlJjOpO3ao8L7j5lH+dWfTwgCwIuM9GQ2kvVotzYJMXTBZg==",
      "dev": true,
      "bin": {
        "tsc": "bin/tsc",
        "tsserver": "bin/tsserver"
      },
      "engines": {
        "node": ">=4.2.0"
      }
    }
  },
  "dependencies": {
    "bitset": {
      "version": "5.1.1",
      "resolved": "https://registry.npmjs.org/bitset/-/bitset-5.1.1.tgz",
      "integrity": "sha512-oKaRp6mzXedJ1Npo86PKhWfDelI6HxxJo+it9nAcBB0HLVvYVp+5i6yj6DT5hfFgo+TS5T57MRWtw8zhwdTs3g=="
    },
    "typescript": {
      "version": "4.9.4",
      "resolved": "https://registry.npmjs.org/typescript/-/typescript-4.9.4.tgz",
      "integrity": "sha512-Uz+dTXYzxXXbsFpM86Wh3dKCxrQqUcVMxwU54orwlJjOpO3ao8L7j5lH+dWfTwgCwIuM9GQ2kvVotzYJMXTBZg==",
      "dev": true
    }
  }
}
